
Microsoft Visual Studio Solution File, Format Version 12.00
# Visual Studio Version 17
VisualStudioVersion = 17.4.33403.182
MinimumVisualStudioVersion = 10.0.40219.1
Project("{FAE04EC0-301F-11D3-BF4B-00C04F79EFBC}") = "BlazorChatApp.Server", "BlazorChatApp\Server\BlazorChatApp.Server.csproj", "{C68932FB-1C14-4D54-BE35-3B56C6CA7F92}"
EndProject
Project("{FAE04EC0-301F-11D3-BF4B-00C04F79EFBC}") = "BlazorChatApp.Client", "BlazorChatApp\Client\BlazorChatApp.Client.csproj", "{B9F85F22-0424-42B6-8544-96AA794A200B}"
EndProject
Project("{FAE04EC0-301F-11D3-BF4B-00C04F79EFBC}") = "BlazorChatApp.Shared", "BlazorChatApp\Shared\BlazorChatApp.Shared.csproj", "{601360E4-3AAD-46A7-8947-1EF9EA8989A2}"
EndProject
Global
	GlobalSection(SolutionConfigurationPlatforms) = preSolution
		Debug|Any CPU = Debug|Any CPU
		Release|Any CPU = Release|Any CPU
	EndGlobalSection
	GlobalSection(ProjectConfigurationPlatforms) = postSolution
		{C68932FB-1C14-4D54-BE35-3B56C6CA7F92}.Debug|Any CPU.ActiveCfg = Debug|Any CPU
		{C68932FB-1C14-4D54-BE35-3B56C6CA7F92}.Debug|Any CPU.Build.0 = Debug|Any CPU
		{C68932FB-1C14-4D54-BE35-3B56C6CA7F92}.Release|Any CPU.ActiveCfg = Release|Any CPU
		{C68932FB-1C14-4D54-BE35-3B56C6CA7F92}.Release|Any CPU.Build.0 = Release|Any CPU
		{B9F85F22-0424-42B6-8544-96AA794A200B}.Debug|Any CPU.ActiveCfg = Debug|Any CPU
		{B9F85F22-0424-42B6-8544-96AA794A200B}.Debug|Any CPU.Build.0 = Debug|Any CPU
		{B9F85F22-0424-42B6-8544-96AA794A200B}.Release|Any CPU.ActiveCfg = Release|Any CPU
		{B9F85F22-0424-42B6-8544-96AA794A200B}.Release|Any CPU.Build.0 = Release|Any CPU
		{601360E4-3AAD-46A7-8947-1EF9EA8989A2}.Debug|Any CPU.ActiveCfg = Debug|Any CPU
		{601360E4-3AAD-46A7-8947-1EF9EA8989A2}.Debug|Any CPU.Build.0 = Debug|Any CPU
		{601360E4-3AAD-46A7-8947-1EF9EA8989A2}.Release|Any CPU.ActiveCfg = Release|Any CPU
		{601360E4-3AAD-46A7-8947-1EF9EA8989A2}.Release|Any CPU.Build.0 = Release|Any CPU
	EndGlobalSection
	GlobalSection(SolutionProperties) = preSolution
		HideSolutionNode = FALSE
	EndGlobalSection
	GlobalSection(ExtensibilityGlobals) = postSolution
		SolutionGuid = {6D925CFC-193A-4F0E-86D0-05EFB893E61C}
	EndGlobalSection
EndGlobal
